// !$*UTF8*$!
{
	archiveVersion = 1;
	classes = {
	};
	objectVersion = 46;
	objects = {

/* Begin PBXBuildFile section */
		06C46A741A5E7B3A00E998C2 /* libRakNetLibStatic.a in Frameworks */ = {isa = PBXBuildFile; fileRef = 06C46A731A5E7B3A00E998C2 /* libRakNetLibStatic.a */; };
		06E2FF841A5CD73D0073D9C0 /* Server.cpp in Sources */ = {isa = PBXBuildFile; fileRef = 06E2FF831A5CD73D0073D9C0 /* Server.cpp */; };
/* End PBXBuildFile section */

/* Begin PBXCopyFilesBuildPhase section */
		06E2FF771A5CD7310073D9C0 /* CopyFiles */ = {
			isa = PBXCopyFilesBuildPhase;
			buildActionMask = 2147483647;
			dstPath = /usr/share/man/man1/;
			dstSubfolderSpec = 0;
			files = (
			);
			runOnlyForDeploymentPostprocessing = 1;
		};
/* End PBXCopyFilesBuildPhase section */

/* Begin PBXFileReference section */
		06C46A731A5E7B3A00E998C2 /* libRakNetLibStatic.a */ = {isa = PBXFileReference; lastKnownFileType = archive.ar; name = libRakNetLibStatic.a; path = ../../lib/libRakNetLibStatic.a; sourceTree = "<group>"; };
		06E2FF791A5CD7310073D9C0 /* ChatServer */ = {isa = PBXFileReference; explicitFileType = "compiled.mach-o.executable"; includeInIndex = 0; path = ChatServer; sourceTree = BUILT_PRODUCTS_DIR; };
		06E2FF831A5CD73D0073D9C0 /* Server.cpp */ = {isa = PBXFileReference; fileEncoding = 4; lastKnownFileType = sourcecode.cpp.cpp; path = Server.cpp; sourceTree = "<group>"; };
		06E2FF851A5CD7F00073D9C0 /* libRakNetLibStatic.a */ = {isa = PBXFileReference; lastKnownFileType = archive.ar; name = libRakNetLibStatic.a; path = ../../../../RakNet/Bin/Lib/LibStatic/Debug/libRakNetLibStatic.a; sourceTree = "<group>"; };
/* End PBXFileReference section */

/* Begin PBXFrameworksBuildPhase section */
		06E2FF761A5CD7310073D9C0 /* Frameworks */ = {
			isa = PBXFrameworksBuildPhase;
			buildActionMask = 2147483647;
			files = (
				06C46A741A5E7B3A00E998C2 /* libRakNetLibStatic.a in Frameworks */,
			);
			runOnlyForDeploymentPostprocessing = 0;
		};
/* End PBXFrameworksBuildPhase section */

/* Begin PBXGroup section */
		06E2FF701A5CD7310073D9C0 = {
			isa = PBXGroup;
			children = (
				06C46A731A5E7B3A00E998C2 /* libRakNetLibStatic.a */,
				06E2FF851A5CD7F00073D9C0 /* libRakNetLibStatic.a */,
				06E2FF7B1A5CD7310073D9C0 /* ChatServer */,
				06E2FF7A1A5CD7310073D9C0 /* Products */,
			);
			sourceTree = "<group>";
		};
		06E2FF7A1A5CD7310073D9C0 /* Products */ = {
			isa = PBXGroup;
			children = (
				06E2FF791A5CD7310073D9C0 /* ChatServer */,
			);
			name = Products;
			sourceTree = "<group>";
		};
		06E2FF7B1A5CD7310073D9C0 /* ChatServer */ = {
			isa = PBXGroup;
			children = (
				06E2FF831A5CD73D0073D9C0 /* Server.cpp */,
			);
			path = ChatServer;
			sourceTree = "<group>";
		};
/* End PBXGroup section */

/* Begin PBXNativeTarget section */
		06E2FF781A5CD7310073D9C0 /* ChatServer */ = {
			isa = PBXNativeTarget;
			buildConfigurationList = 06E2FF801A5CD7310073D9C0 /* Build configuration list for PBXNativeTarget "ChatServer" */;
			buildPhases = (
				06E2FF751A5CD7310073D9C0 /* Sources */,
				06E2FF761A5CD7310073D9C0 /* Frameworks */,
				06E2FF771A5CD7310073D9C0 /* CopyFiles */,
			);
			buildRules = (
			);
			dependencies = (
			);
			name = ChatServer;
			productName = ChatServer;
			productReference = 06E2FF791A5CD7310073D9C0 /* ChatServer */;
			productType = "com.apple.product-type.tool";
		};
/* End PBXNativeTarget section */

/* Begin PBXProject section */
		06E2FF711A5CD7310073D9C0 /* Project object */ = {
			isa = PBXProject;
			attributes = {
				LastUpgradeCheck = 0600;
				ORGANIZATIONNAME = "CK03-007";
				TargetAttributes = {
					06E2FF781A5CD7310073D9C0 = {
						CreatedOnToolsVersion = 6.0.1;
					};
				};
			};
			buildConfigurationList = 06E2FF741A5CD7310073D9C0 /* Build configuration list for PBXProject "ChatServer" */;
			compatibilityVersion = "Xcode 3.2";
			developmentRegion = English;
			hasScannedForEncodings = 0;
			knownRegions = (
				en,
			);
			mainGroup = 06E2FF701A5CD7310073D9C0;
			productRefGroup = 06E2FF7A1A5CD7310073D9C0 /* Products */;
			projectDirPath = "";
			projectRoot = "";
			targets = (
				06E2FF781A5CD7310073D9C0 /* ChatServer */,
			);
		};
/* End PBXProject section */

/* Begin PBXSourcesBuildPhase section */
		06E2FF751A5CD7310073D9C0 /* Sources */ = {
			isa = PBXSourcesBuildPhase;
			buildActionMask = 2147483647;
			files = (
				06E2FF841A5CD73D0073D9C0 /* Server.cpp in Sources */,
			);
			runOnlyForDeploymentPostprocessing = 0;
		};
/* End PBXSourcesBuildPhase section */

/* Begin XCBuildConfiguration section */
		06E2FF7E1A5CD7310073D9C0 /* Debug */ = {
			isa = XCBuildConfiguration;
			buildSettings = {
				ALWAYS_SEARCH_USER_PATHS = NO;
				CLANG_CXX_LANGUAGE_STANDARD = "gnu++0x";
				CLANG_CXX_LIBRARY = "libc++";
				CLANG_ENABLE_MODULES = YES;
				CLANG_ENABLE_OBJC_ARC = YES;
				CLANG_WARN_BOOL_CONVERSION = YES;
				CLANG_WARN_CONSTANT_CONVERSION = YES;
				CLANG_WARN_DIRECT_OBJC_ISA_USAGE = YES_ERROR;
				CLANG_WARN_EMPTY_BODY = YES;
				CLANG_WARN_ENUM_CONVERSION = YES;
				CLANG_WARN_INT_CONVERSION = YES;
				CLANG_WARN_OBJC_ROOT_CLASS = YES_ERROR;
				CLANG_WARN_UNREACHABLE_CODE = YES;
				CLANG_WARN__DUPLICATE_METHOD_MATCH = YES;
				COPY_PHASE_STRIP = NO;
				ENABLE_STRICT_OBJC_MSGSEND = YES;
				GCC_C_LANGUAGE_STANDARD = gnu99;
				GCC_DYNAMIC_NO_PIC = NO;
				GCC_OPTIMIZATION_LEVEL = 0;
				GCC_PREPROCESSOR_DEFINITIONS = (
					"DEBUG=1",
					"$(inherited)",
				);
				GCC_SYMBOLS_PRIVATE_EXTERN = NO;
				GCC_WARN_64_TO_32_BIT_CONVERSION = YES;
				GCC_WARN_ABOUT_RETURN_TYPE = YES_ERROR;
				GCC_WARN_UNDECLARED_SELECTOR = YES;
				GCC_WARN_UNINITIALIZED_AUTOS = YES_AGGRESSIVE;
				GCC_WARN_UNUSED_FUNCTION = YES;
				GCC_WARN_UNUSED_VARIABLE = YES;
				HEADER_SEARCH_PATHS = ../../include;
				MACOSX_DEPLOYMENT_TARGET = 10.9;
				MTL_ENABLE_DEBUG_INFO = YES;
				ONLY_ACTIVE_ARCH = YES;
				SDKROOT = macosx;
			};
			name = Debug;
		};
		06E2FF7F1A5CD7310073D9C0 /* Release */ = {
			isa = XCBuildConfiguration;
			buildSettings = {
				ALWAYS_SEARCH_USER_PATHS = NO;
				CLANG_CXX_LANGUAGE_STANDARD = "gnu++0x";
				CLANG_CXX_LIBRARY = "libc++";
				CLANG_ENABLE_MODULES = YES;
				CLANG_ENABLE_OBJC_ARC = YES;
				CLANG_WARN_BOOL_CONVERSION = YES;
				CLANG_WARN_CONSTANT_CONVERSION = YES;
				CLANG_WARN_DIRECT_OBJC_ISA_USAGE = YES_ERROR;
				CLANG_WARN_EMPTY_BODY = YES;
				CLANG_WARN_ENUM_CONVERSION = YES;
				CLANG_WARN_INT_CONVERSION = YES;
				CLANG_WARN_OBJC_ROOT_CLASS = YES_ERROR;
				CLANG_WARN_UNREACHABLE_CODE = YES;
				CLANG_WARN__DUPLICATE_METHOD_MATCH = YES;
				COPY_PHASE_STRIP = YES;
				DEBUG_INFORMATION_FORMAT = "dwarf-with-dsym";
				ENABLE_NS_ASSERTIONS = NO;
				ENABLE_STRICT_OBJC_MSGSEND = YES;
				GCC_C_LANGUAGE_STANDARD = gnu99;
				GCC_WARN_64_TO_32_BIT_CONVERSION = YES;
				GCC_WARN_ABOUT_RETURN_TYPE = YES_ERROR;
				GCC_WARN_UNDECLARED_SELECTOR = YES;
				GCC_WARN_UNINITIALIZED_AUTOS = YES_AGGRESSIVE;
				GCC_WARN_UNUSED_FUNCTION = YES;
				GCC_WARN_UNUSED_VARIABLE = YES;
				HEADER_SEARCH_PATHS = ../../include;
				MACOSX_DEPLOYMENT_TARGET = 10.9;
				MTL_ENABLE_DEBUG_INFO = NO;
				SDKROOT = macosx;
			};
			name = Release;
		};
		06E2FF811A5CD7310073D9C0 /* Debug */ = {
			isa = XCBuildConfiguration;
			buildSettings = {
				LIBRARY_SEARCH_PATHS = (
					"$(inherited)",
					"/Users/ck03-007/Desktop/PlayGround/RakNet/Bin/Lib/LibStatic/Debug",
					"/Users/ck03-007/Desktop/PlayGround/RakNetSimpleTest/lib",
				);
				PRODUCT_NAME = "$(TARGET_NAME)";
			};
			name = Debug;
		};
		06E2FF821A5CD7310073D9C0 /* Release */ = {
			isa = XCBuildConfiguration;
			buildSettings = {
				LIBRARY_SEARCH_PATHS = (
					"$(inherited)",
					"/Users/ck03-007/Desktop/PlayGround/RakNet/Bin/Lib/LibStatic/Debug",
					"/Users/ck03-007/Desktop/PlayGround/RakNetSimpleTest/lib",
				);
				PRODUCT_NAME = "$(TARGET_NAME)";
			};
			name = Release;
		};
/* End XCBuildConfiguration section */

/* Begin XCConfigurationList section */
		06E2FF741A5CD7310073D9C0 /* Build configuration list for PBXProject "ChatServer" */ = {
			isa = XCConfigurationList;
			buildConfigurations = (
				06E2FF7E1A5CD7310073D9C0 /* Debug */,
				06E2FF7F1A5CD7310073D9C0 /* Release */,
			);
			defaultConfigurationIsVisible = 0;
			defaultConfigurationName = Release;
		};
		06E2FF801A5CD7310073D9C0 /* Build configuration list for PBXNativeTarget "ChatServer" */ = {
			isa = XCConfigurationList;
			buildConfigurations = (
				06E2FF811A5CD7310073D9C0 /* Debug */,
				06E2FF821A5CD7310073D9C0 /* Release */,
			);
			defaultConfigurationIsVisible = 0;
			defaultConfigurationName = Release;
		};
/* End XCConfigurationList section */
	};
	rootObject = 06E2FF711A5CD7310073D9C0 /* Project object */;
}
